dependencies:
- name: postgresql
  repository: https://charts.bitnami.com/bitnami
  version: 14.3.1
- name: vespa
  repository: https://unoplat.github.io/vespa-helm-charts
  version: 0.2.2
- name: nginx
  repository: oci://registry-1.docker.io/bitnamicharts
  version: 15.14.0
digest: sha256:53e138c0ab12193f57a76c2f377e2a5d3d11c394b03eef5f6848dfae6705cb61
generated: "2024-03-27T12:34:11.548396+05:30"
