dependencies:
- name: postgresql
  repository: https://charts.bitnami.com/bitnami
  version: 14.3.1
- name: vespa
  repository: https://unoplat.github.io/vespa-helm-charts
  version: 0.2.1
- name: nginx
  repository: oci://registry-1.docker.io/bitnamicharts
  version: 15.14.0
digest: sha256:22bf4ff1f2648f8b89a6d726f08a7b34bedec7422617ac7569d5ca5a0bc1c509
generated: "2024-03-19T15:47:10.234324+05:30"
