dependencies:
- name: postgresql
  repository: https://charts.bitnami.com/bitnami
  version: 14.3.1
- name: vespa
  repository: https://unoplat.github.io/vespa-helm-charts
  version: 0.2.3
- name: nginx
  repository: oci://registry-1.docker.io/bitnamicharts
  version: 15.14.0
digest: sha256:ab17b5d2c3883055cb4a26bf530043521be5220c24f804e954bb428273d16ba8
generated: "2024-05-24T16:55:30.598279-07:00"
